
Microsoft Visual Studio Solution File, Format Version 12.00
# Visual Studio Version 17
VisualStudioVersion = 17.14.36623.8 d17.14
MinimumVisualStudioVersion = 10.0.40219.1
Project("{FAE04EC0-301F-11D3-BF4B-00C04F79EFBC}") = "Monitorum", "Monitorum.csproj", "{FF11BBCB-C087-4549-A1E7-90C6793F6BCC}"
EndProject
Global
	GlobalSection(SolutionConfigurationPlatforms) = preSolution
		Debug|Any CPU = Debug|Any CPU
		Release|Any CPU = Release|Any CPU
	EndGlobalSection
	GlobalSection(ProjectConfigurationPlatforms) = postSolution
		{FF11BBCB-C087-4549-A1E7-90C6793F6BCC}.Debug|Any CPU.ActiveCfg = Debug|Any CPU
		{FF11BBCB-C087-4549-A1E7-90C6793F6BCC}.Debug|Any CPU.Build.0 = Debug|Any CPU
		{FF11BBCB-C087-4549-A1E7-90C6793F6BCC}.Release|Any CPU.ActiveCfg = Release|Any CPU
		{FF11BBCB-C087-4549-A1E7-90C6793F6BCC}.Release|Any CPU.Build.0 = Release|Any CPU
	EndGlobalSection
	GlobalSection(SolutionProperties) = preSolution
		HideSolutionNode = FALSE
	EndGlobalSection
	GlobalSection(ExtensibilityGlobals) = postSolution
		SolutionGuid = {8754F597-8B24-4F5F-A6C7-B6A93B38B090}
	EndGlobalSection
EndGlobal
